DEPENDENCIES
  apt (= 2.4.0)
  bluepill (= 2.3.1)
  build-essential (= 2.0.4)
  chef-sugar (= 2.0.0)
  chef_handler (= 1.1.6)
  hostname (= 0.3.0)
  hostsfile (= 2.4.5)
  iis (= 2.1.2)
  mysql (= 5.3.6)
  nginx (= 2.7.4)
  ohai (= 2.0.1)
  php (= 1.4.6)
  php-fpm (= 0.6.10)
  rsyslog (= 1.12.2)
  runit (= 1.5.10)
  varnish (= 0.9.16)
  windows (= 1.33.1)
  wordpress_nginx
    git: https://github.com/beacloudgenius/wordpress-nginx
    revision: 17b7c8c7486870561aff6e50ea94b4a9c497ee59
  xml (= 1.2.6)
  yum (= 3.2.2)
  yum-epel (= 0.4.0)
  yum-mysql-community (= 0.1.10)

GRAPH
  apt (2.4.0)
  bluepill (2.3.1)
    rsyslog (>= 0.0.0)
  build-essential (2.0.4)
  chef-sugar (2.0.0)
  chef_handler (1.1.6)
  hostname (0.3.0)
    hostsfile (>= 0.0.0)
  hostsfile (2.4.5)
  iis (2.1.2)
    windows (>= 1.2.6)
  mysql (5.3.6)
    yum-mysql-community (>= 0.0.0)
  nginx (2.7.4)
    apt (~> 2.2)
    bluepill (~> 2.3)
    build-essential (~> 2.0)
    ohai (~> 2.0)
    runit (~> 1.2)
    yum-epel (~> 0.3)
  ohai (2.0.1)
  php (1.4.6)
    build-essential (>= 0.0.0)
    iis (>= 0.0.0)
    mysql (>= 0.0.0)
    windows (>= 0.0.0)
    xml (>= 0.0.0)
    yum-epel (>= 0.0.0)
  php-fpm (0.6.10)
    apt (>= 0.0.0)
    yum (>= 3.0.0)
  rsyslog (1.12.2)
  runit (1.5.10)
    build-essential (>= 0.0.0)
    yum (~> 3.0)
    yum-epel (>= 0.0.0)
  varnish (0.9.16)
    apt (~> 2.4)
    yum (~> 3.0)
  windows (1.33.1)
    chef_handler (>= 0.0.0)
  wordpress_nginx (0.3.0)
    nginx (>= 0.0.0)
    php-fpm (>= 0.0.0)
  xml (1.2.6)
    build-essential (>= 0.0.0)
    chef-sugar (>= 0.0.0)
  yum (3.2.2)
  yum-epel (0.4.0)
    yum (~> 3.0)
  yum-mysql-community (0.1.10)
    yum (>= 3.0)
